{
  "version": "4",
  "specifiers": {
    "jsr:@std/dotenv@*": "0.225.3"
  },
  "jsr": {
    "@std/dotenv@0.225.3": {
      "integrity": "a95e5b812c27b0854c52acbae215856d9cce9d4bbf774d938c51d212711e8d4a"
    }
  },
  "workspace": {
    "packageJson": {
      "dependencies": [
        "npm:@ai-sdk/google@^1.2.14",
        "npm:@google-cloud/text-to-speech@^6.0.1",
        "npm:ai@^4.3.12",
        "npm:mp3-duration@^1.1.0",
        "npm:zod@^3.24.3"
      ]
    }
  }
}
